
Microsoft Visual Studio Solution File, Format Version 12.00
# Visual Studio Version 16
VisualStudioVersion = 16.0.33529.622
MinimumVisualStudioVersion = 10.0.40219.1
Project("{FAE04EC0-301F-11D3-BF4B-00C04F79EFBC}") = "鍵盤螢幕轉換", "鍵盤螢幕轉換\鍵盤螢幕轉換.csproj", "{A1AAE3C5-02AD-4667-B043-799DE835CD2A}"
EndProject
Global
	GlobalSection(SolutionConfigurationPlatforms) = preSolution
		Debug|Any CPU = Debug|Any CPU
		Release|Any CPU = Release|Any CPU
	EndGlobalSection
	GlobalSection(ProjectConfigurationPlatforms) = postSolution
		{A1AAE3C5-02AD-4667-B043-799DE835CD2A}.Debug|Any CPU.ActiveCfg = Debug|Any CPU
		{A1AAE3C5-02AD-4667-B043-799DE835CD2A}.Debug|Any CPU.Build.0 = Debug|Any CPU
		{A1AAE3C5-02AD-4667-B043-799DE835CD2A}.Release|Any CPU.ActiveCfg = Release|Any CPU
		{A1AAE3C5-02AD-4667-B043-799DE835CD2A}.Release|Any CPU.Build.0 = Release|Any CPU
	EndGlobalSection
	GlobalSection(SolutionProperties) = preSolution
		HideSolutionNode = FALSE
	EndGlobalSection
	GlobalSection(ExtensibilityGlobals) = postSolution
		SolutionGuid = {6CA532DE-324B-4551-97E1-F346E27D0225}
	EndGlobalSection
EndGlobal
